<?xml version="1.0" encoding="UTF-8"?>
<Scheme
   version = "1.3">
   <BuildAction>
      <BuildActionEntries>
         <BuildActionEntry
            buildForRunning = "YES">
            <BuildableReference
               BuildableIdentifier = "primary"
               BlueprintIdentifier = "1965658078BD2EB7FF49E25A"
               BuildableName = "TransitionsProject.app"
               BlueprintName = "TransitionsProject"
               ReferencedContainer = "container:TransitionsProject.xcodeproj">
            </BuildableReference>
         </BuildActionEntry>
      </BuildActionEntries>
   </BuildAction>
   <LaunchAction
      useCustomWorkingDirectory = "NO"
      buildConfiguration = "Debug">
      <BuildableProductRunnable>
         <BuildableReference
            BuildableIdentifier = "primary"
            BlueprintIdentifier = "1965658078BD2EB7FF49E25A"
            BuildableName = "TransitionsProject.app"
            BlueprintName = "TransitionsProject"
            ReferencedContainer = "container:TransitionsProject.xcodeproj">
         </BuildableReference>
      </BuildableProductRunnable>
   </LaunchAction>
</Scheme>
